
Microsoft Visual Studio Solution File, Format Version 12.00
# Visual Studio Version 17
VisualStudioVersion = 17.9.34622.214
MinimumVisualStudioVersion = 10.0.40219.1
Project("{9A19103F-16F7-4668-BE54-9A1E7A4F7556}") = "NORISarchitect.API", "NORISarchitect.API\NORISarchitect.API.csproj", "{736370BB-5F11-49B6-B288-B54602110B6B}"
EndProject
Project("{FAE04EC0-301F-11D3-BF4B-00C04F79EFBC}") = "NORISarchitect.UI", "NORISarchitect.UI\NORISarchitect.UI.csproj", "{7BC982E8-6F98-49C6-88B0-A4123FFAA207}"
EndProject
Global
	GlobalSection(SolutionConfigurationPlatforms) = preSolution
		Debug|Any CPU = Debug|Any CPU
		Release|Any CPU = Release|Any CPU
	EndGlobalSection
	GlobalSection(ProjectConfigurationPlatforms) = postSolution
		{736370BB-5F11-49B6-B288-B54602110B6B}.Debug|Any CPU.ActiveCfg = Debug|Any CPU
		{736370BB-5F11-49B6-B288-B54602110B6B}.Debug|Any CPU.Build.0 = Debug|Any CPU
		{736370BB-5F11-49B6-B288-B54602110B6B}.Release|Any CPU.ActiveCfg = Release|Any CPU
		{736370BB-5F11-49B6-B288-B54602110B6B}.Release|Any CPU.Build.0 = Release|Any CPU
		{7BC982E8-6F98-49C6-88B0-A4123FFAA207}.Debug|Any CPU.ActiveCfg = Debug|Any CPU
		{7BC982E8-6F98-49C6-88B0-A4123FFAA207}.Debug|Any CPU.Build.0 = Debug|Any CPU
		{7BC982E8-6F98-49C6-88B0-A4123FFAA207}.Release|Any CPU.ActiveCfg = Release|Any CPU
		{7BC982E8-6F98-49C6-88B0-A4123FFAA207}.Release|Any CPU.Build.0 = Release|Any CPU
	EndGlobalSection
	GlobalSection(SolutionProperties) = preSolution
		HideSolutionNode = FALSE
	EndGlobalSection
	GlobalSection(ExtensibilityGlobals) = postSolution
		SolutionGuid = {869FC838-014C-4189-8720-FFE8A10E874F}
	EndGlobalSection
EndGlobal
